
Microsoft Visual Studio Solution File, Format Version 12.00
# Visual Studio Version 16
VisualStudioVersion = 16.0.30128.74
MinimumVisualStudioVersion = 10.0.40219.1
Project("{9A19103F-16F7-4668-BE54-9A1E7A4F7556}") = "ZooBook.Hrm.Api", "ZooBook.Hrm.Api\ZooBook.Hrm.Api.csproj", "{698DA1F8-751B-4290-A66A-D5FBEDC1CF9B}"
EndProject
Project("{9A19103F-16F7-4668-BE54-9A1E7A4F7556}") = "ZooBook.Hrm.Application", "ZooBook.Hrm.Application\ZooBook.Hrm.Application.csproj", "{F6373AA8-482A-4F7A-84C5-4F918D7F34B2}"
EndProject
Project("{9A19103F-16F7-4668-BE54-9A1E7A4F7556}") = "ZooBook.Hrm.Configuration", "ZooBook.Hrm.Configuration\ZooBook.Hrm.Configuration.csproj", "{D1E52758-3F6F-4BF7-8EA1-931479229589}"
EndProject
Project("{9A19103F-16F7-4668-BE54-9A1E7A4F7556}") = "ZooBook.Hrm.Domain", "ZooBook.Hrm.Domain\ZooBook.Hrm.Domain.csproj", "{29969A60-5341-49F9-BD14-869B093A71BF}"
EndProject
Project("{9A19103F-16F7-4668-BE54-9A1E7A4F7556}") = "ZooBook.Hrm.Persistence", "ZooBook.Hrm.Persistence\ZooBook.Hrm.Persistence.csproj", "{C3D7878C-BC32-46D0-92AE-7DAFB9FFAC19}"
EndProject
Project("{E53339B2-1760-4266-BCC7-CA923CBCF16C}") = "docker-compose", "docker-compose.dcproj", "{9DC5ACF9-B2A9-4082-A42D-C25CD8C655A2}"
EndProject
Global
	GlobalSection(SolutionConfigurationPlatforms) = preSolution
		Debug|Any CPU = Debug|Any CPU
		Release|Any CPU = Release|Any CPU
	EndGlobalSection
	GlobalSection(ProjectConfigurationPlatforms) = postSolution
		{698DA1F8-751B-4290-A66A-D5FBEDC1CF9B}.Debug|Any CPU.ActiveCfg = Debug|Any CPU
		{698DA1F8-751B-4290-A66A-D5FBEDC1CF9B}.Debug|Any CPU.Build.0 = Debug|Any CPU
		{698DA1F8-751B-4290-A66A-D5FBEDC1CF9B}.Release|Any CPU.ActiveCfg = Release|Any CPU
		{698DA1F8-751B-4290-A66A-D5FBEDC1CF9B}.Release|Any CPU.Build.0 = Release|Any CPU
		{F6373AA8-482A-4F7A-84C5-4F918D7F34B2}.Debug|Any CPU.ActiveCfg = Debug|Any CPU
		{F6373AA8-482A-4F7A-84C5-4F918D7F34B2}.Debug|Any CPU.Build.0 = Debug|Any CPU
		{F6373AA8-482A-4F7A-84C5-4F918D7F34B2}.Release|Any CPU.ActiveCfg = Release|Any CPU
		{F6373AA8-482A-4F7A-84C5-4F918D7F34B2}.Release|Any CPU.Build.0 = Release|Any CPU
		{D1E52758-3F6F-4BF7-8EA1-931479229589}.Debug|Any CPU.ActiveCfg = Debug|Any CPU
		{D1E52758-3F6F-4BF7-8EA1-931479229589}.Debug|Any CPU.Build.0 = Debug|Any CPU
		{D1E52758-3F6F-4BF7-8EA1-931479229589}.Release|Any CPU.ActiveCfg = Release|Any CPU
		{D1E52758-3F6F-4BF7-8EA1-931479229589}.Release|Any CPU.Build.0 = Release|Any CPU
		{29969A60-5341-49F9-BD14-869B093A71BF}.Debug|Any CPU.ActiveCfg = Debug|Any CPU
		{29969A60-5341-49F9-BD14-869B093A71BF}.Debug|Any CPU.Build.0 = Debug|Any CPU
		{29969A60-5341-49F9-BD14-869B093A71BF}.Release|Any CPU.ActiveCfg = Release|Any CPU
		{29969A60-5341-49F9-BD14-869B093A71BF}.Release|Any CPU.Build.0 = Release|Any CPU
		{C3D7878C-BC32-46D0-92AE-7DAFB9FFAC19}.Debug|Any CPU.ActiveCfg = Debug|Any CPU
		{C3D7878C-BC32-46D0-92AE-7DAFB9FFAC19}.Debug|Any CPU.Build.0 = Debug|Any CPU
		{C3D7878C-BC32-46D0-92AE-7DAFB9FFAC19}.Release|Any CPU.ActiveCfg = Release|Any CPU
		{C3D7878C-BC32-46D0-92AE-7DAFB9FFAC19}.Release|Any CPU.Build.0 = Release|Any CPU
		{9DC5ACF9-B2A9-4082-A42D-C25CD8C655A2}.Debug|Any CPU.ActiveCfg = Debug|Any CPU
		{9DC5ACF9-B2A9-4082-A42D-C25CD8C655A2}.Debug|Any CPU.Build.0 = Debug|Any CPU
		{9DC5ACF9-B2A9-4082-A42D-C25CD8C655A2}.Release|Any CPU.ActiveCfg = Release|Any CPU
		{9DC5ACF9-B2A9-4082-A42D-C25CD8C655A2}.Release|Any CPU.Build.0 = Release|Any CPU
	EndGlobalSection
	GlobalSection(SolutionProperties) = preSolution
		HideSolutionNode = FALSE
	EndGlobalSection
	GlobalSection(ExtensibilityGlobals) = postSolution
		SolutionGuid = {A560C120-3108-42A7-921E-4C0A46453378}
	EndGlobalSection
EndGlobal
